
Microsoft Visual Studio Solution File, Format Version 12.00
# Visual Studio Version 17
VisualStudioVersion = 17.9.34622.214
MinimumVisualStudioVersion = 10.0.40219.1
Project("{9A19103F-16F7-4668-BE54-9A1E7A4F7556}") = "Generate Parenthesis", "Generate Parentheses\Generate Parenthesis.csproj", "{42551858-66B3-44F0-A5D1-5A6A0A9D8259}"
EndProject
Project("{9A19103F-16F7-4668-BE54-9A1E7A4F7556}") = "Longest Palindromic Substring", "Longest Palindromic Substring\Longest Palindromic Substring.csproj", "{98F22AF8-FFC2-4E08-B4F8-46FE071926A5}"
EndProject
Project("{9A19103F-16F7-4668-BE54-9A1E7A4F7556}") = "Zigzag Conversion", "Zigzag Conversion\Zigzag Conversion.csproj", "{7061DD3B-79AA-48F2-8D87-F964FC302A44}"
EndProject
Project("{9A19103F-16F7-4668-BE54-9A1E7A4F7556}") = "Remove Nth Node From End of List", "Remove Nth Node From End of List\Remove Nth Node From End of List.csproj", "{90330E5F-A136-467C-91B0-6C79B0A40AF8}"
EndProject
Project("{9A19103F-16F7-4668-BE54-9A1E7A4F7556}") = "Kth Largest Element in an Array", "Kth Largest Element in an Array\Kth Largest Element in an Array.csproj", "{0755A64D-0C5A-447F-AA41-69002395C08B}"
EndProject
Project("{9A19103F-16F7-4668-BE54-9A1E7A4F7556}") = "4Sum", "4Sum\4Sum.csproj", "{58DF4959-1BA3-437A-8DDD-9D321BDD45FC}"
EndProject
Project("{9A19103F-16F7-4668-BE54-9A1E7A4F7556}") = "Two Sum", "Two Sum\Two Sum.csproj", "{6A79AE2D-A003-4AB8-82D6-999747233E39}"
EndProject
Project("{9A19103F-16F7-4668-BE54-9A1E7A4F7556}") = "3Sum", "3Sum\3Sum.csproj", "{5EFCD9EF-BE98-4215-B346-EF6C781019B3}"
EndProject
Project("{9A19103F-16F7-4668-BE54-9A1E7A4F7556}") = "Two Sum II - Input Array Is Sorted", "Two Sum II - Input Array Is Sorted\Two Sum II - Input Array Is Sorted.csproj", "{04D91B30-BA0F-45EA-ADFE-512E1F9ED080}"
EndProject
Project("{9A19103F-16F7-4668-BE54-9A1E7A4F7556}") = "Palindrome Number", "Palindrome Number\Palindrome Number.csproj", "{48CDD352-73DD-45B1-8BFD-312ABA29B688}"
EndProject
Project("{9A19103F-16F7-4668-BE54-9A1E7A4F7556}") = "Add Two Numbers", "Add Two Numbers\Add Two Numbers.csproj", "{A00CC779-0FDD-4B0F-A8AD-C006BF5888AA}"
EndProject
Project("{9A19103F-16F7-4668-BE54-9A1E7A4F7556}") = "Remove Duplicates from Sorted Array", "Remove Duplicates from Sorted Array\Remove Duplicates from Sorted Array.csproj", "{475B99AE-B123-4A97-9818-C8208A324544}"
EndProject
Project("{9A19103F-16F7-4668-BE54-9A1E7A4F7556}") = "Contains Duplicate", "Contains Duplicate\Contains Duplicate.csproj", "{28BA2514-CBE3-4F8D-BDA0-498B4D7B8FC5}"
EndProject
Project("{9A19103F-16F7-4668-BE54-9A1E7A4F7556}") = "Contains Duplicate II", "Contains Duplicate II\Contains Duplicate II.csproj", "{1671502A-3BCD-4E4E-A4B2-0DEDC40D7F59}"
EndProject
Project("{9A19103F-16F7-4668-BE54-9A1E7A4F7556}") = "Contains Duplicate III", "Contains Duplicate III\Contains Duplicate III.csproj", "{189E2853-A2F2-4C19-8EE0-345E618A8C09}"
EndProject
Project("{9A19103F-16F7-4668-BE54-9A1E7A4F7556}") = "Power of Two", "Power of Two\Power of Two.csproj", "{A61330C9-905C-4C15-BA2E-49FBED8DABBB}"
EndProject
Project("{9A19103F-16F7-4668-BE54-9A1E7A4F7556}") = "Palindrome Linked List", "Palindrome Linked List\Palindrome Linked List.csproj", "{5372870A-A334-45E5-AFAE-51F1F8E98CBE}"
EndProject
Project("{9A19103F-16F7-4668-BE54-9A1E7A4F7556}") = "Implement Stack using Queues", "Implement Stack using Queues\Implement Stack using Queues.csproj", "{F18B19AF-0C49-49D8-9C44-76AE2CF03C4F}"
EndProject
Project("{9A19103F-16F7-4668-BE54-9A1E7A4F7556}") = "Implement Queue using Stacks", "Implement Queue using Stacks\Implement Queue using Stacks.csproj", "{E6E8BF1C-CB4B-425B-9221-FDDF902C7B10}"
EndProject
Project("{9A19103F-16F7-4668-BE54-9A1E7A4F7556}") = "Valid Parentheses", "Valid Parentheses\Valid Parentheses.csproj", "{7E57240A-2B57-4EF0-BC8C-4E04A1768B92}"
EndProject
Project("{9A19103F-16F7-4668-BE54-9A1E7A4F7556}") = "Reverse Words in a String", "Reverse Words in a String\Reverse Words in a String.csproj", "{7D46F71E-CC06-488B-9833-AB85E21B9F01}"
EndProject
Project("{9A19103F-16F7-4668-BE54-9A1E7A4F7556}") = "Trapping Rain Water", "Trapping Rain Water\Trapping Rain Water.csproj", "{E04292D8-8610-4315-A89A-40416B7C0405}"
EndProject
Project("{9A19103F-16F7-4668-BE54-9A1E7A4F7556}") = "House Robber", "House Robber\House Robber.csproj", "{CC67081E-0B68-496A-A6B7-020734943317}"
EndProject
Project("{9A19103F-16F7-4668-BE54-9A1E7A4F7556}") = "Length of Last Word", "Length of Last Word\Length of Last Word.csproj", "{B6F39C12-9866-4827-9C1D-B458DE44D59F}"
EndProject
Project("{9A19103F-16F7-4668-BE54-9A1E7A4F7556}") = "Longest Common Prefix", "Longest Common Prefix\Longest Common Prefix.csproj", "{01FE8F81-7212-4F16-85A9-A89473378A71}"
EndProject
Project("{9A19103F-16F7-4668-BE54-9A1E7A4F7556}") = "Remove Element", "Remove Element\Remove Element.csproj", "{F3ABC7AE-B8BF-4267-B27C-F69BB3A93291}"
EndProject
Project("{9A19103F-16F7-4668-BE54-9A1E7A4F7556}") = "Sort List", "Sort List\Sort List.csproj", "{B163EA9C-EE93-4F61-8F0E-697135A83246}"
EndProject
Project("{9A19103F-16F7-4668-BE54-9A1E7A4F7556}") = "Maximum Depth of Binary Tree", "Maximum Depth of Binary Tree\Maximum Depth of Binary Tree.csproj", "{E3A34B2D-6818-4640-A422-CDCE70ADD217}"
EndProject
Project("{9A19103F-16F7-4668-BE54-9A1E7A4F7556}") = "Maximum Nesting Depth of the Parentheses", "Maximum Nesting Depth of the Parentheses\Maximum Nesting Depth of the Parentheses.csproj", "{F43EB0DB-E0DA-47A0-8F0E-9C1507F76298}"
EndProject
Project("{9A19103F-16F7-4668-BE54-9A1E7A4F7556}") = "Make The String Great", "Make The String Great\Make The String Great.csproj", "{A2986279-CD39-42F5-BD2F-C8C89A04208E}"
EndProject
Project("{9A19103F-16F7-4668-BE54-9A1E7A4F7556}") = "Number of Students Unable to Eat Lunch", "Number of Students Unable to Eat Lunch\Number of Students Unable to Eat Lunch.csproj", "{0A244408-0E3B-478F-9884-D24C68C9C8D6}"
EndProject
Project("{9A19103F-16F7-4668-BE54-9A1E7A4F7556}") = "Reveal Cards In Increasing Order", "Reveal Cards In Increasing Order\Reveal Cards In Increasing Order.csproj", "{31592548-F936-4548-A492-8D4E3FED1899}"
EndProject
Project("{9A19103F-16F7-4668-BE54-9A1E7A4F7556}") = "Verifying an Alien Dictionary", "Verifying an Alien Dictionary\Verifying an Alien Dictionary.csproj", "{071DDA67-94D6-454B-A35F-9A9D8D2A9602}"
EndProject
Project("{9A19103F-16F7-4668-BE54-9A1E7A4F7556}") = "Squares of a Sorted Array", "Squares of a Sorted Array\Squares of a Sorted Array.csproj", "{3CEBF7C3-4812-4054-9420-46606179275F}"
EndProject
Project("{9A19103F-16F7-4668-BE54-9A1E7A4F7556}") = "Open the Lock", "Open the Lock\Open the Lock.csproj", "{2C1BE5D6-645A-41DD-B150-8889B637C307}"
EndProject
Project("{9A19103F-16F7-4668-BE54-9A1E7A4F7556}") = "Smallest String Starting From Leaf", "Smallest String Starting From Leaf\Smallest String Starting From Leaf.csproj", "{076FA81D-FF6B-47F7-A682-F8E928E7B79D}"
EndProject
Project("{9A19103F-16F7-4668-BE54-9A1E7A4F7556}") = "N-th Tribonacci Number", "N-th Tribonacci Number\N-th Tribonacci Number.csproj", "{9F2130A4-B114-4939-9A5D-4FC3E63B54C0}"
EndProject
Project("{9A19103F-16F7-4668-BE54-9A1E7A4F7556}") = "Fibonacci Number", "Fibonacci Number\Fibonacci Number.csproj", "{2B2A7BF6-3C75-4FB7-830A-A6DC1A04FB41}"
EndProject
Project("{9A19103F-16F7-4668-BE54-9A1E7A4F7556}") = "Letter Combinations of a Phone Number", "Letter Combinations of a Phone Number\Letter Combinations of a Phone Number.csproj", "{A78C9380-8E76-45AB-ACB8-147CF458A5DC}"
EndProject
Project("{9A19103F-16F7-4668-BE54-9A1E7A4F7556}") = "Product of Array Except Self", "Product of Array Except Self\Product of Array Except Self.csproj", "{0D0A6E0B-D334-4D5F-84BA-24094AAAE01E}"
EndProject
Project("{9A19103F-16F7-4668-BE54-9A1E7A4F7556}") = "Rotting Oranges", "Rotting Oranges\Rotting Oranges.csproj", "{5BE6C2DD-2817-41E9-97DB-F3D27E896A8B}"
EndProject
Project("{9A19103F-16F7-4668-BE54-9A1E7A4F7556}") = "First Letter to Appear Twice", "First Letter to Appear Twice\First Letter to Appear Twice.csproj", "{0AEA59D2-1DC3-4C51-8755-BD64C4C993BB}"
EndProject
Project("{9A19103F-16F7-4668-BE54-9A1E7A4F7556}") = "Find the Index of the First Occurrence in a String", "Find the Index of the First Occurrence in a String\Find the Index of the First Occurrence in a String.csproj", "{0113F0D6-016A-490E-BD61-DD5893EB10E3}"
EndProject
Project("{9A19103F-16F7-4668-BE54-9A1E7A4F7556}") = "Number of Common Factors", "Number of Common Factors\Number of Common Factors.csproj", "{DFAEE813-B09C-47EB-B9EB-4E504E4410D3}"
EndProject
Project("{9A19103F-16F7-4668-BE54-9A1E7A4F7556}") = "Intersection of Two Linked Lists", "Intersection of Two Linked Lists\Intersection of Two Linked Lists.csproj", "{567ECED8-C80B-4D57-9A6B-956C3BC27D52}"
EndProject
Project("{9A19103F-16F7-4668-BE54-9A1E7A4F7556}") = "Merge Sorted Array", "Merge Sorted Array\Merge Sorted Array.csproj", "{8C9DE9F2-E173-41A0-B772-D3AEF3648D5C}"
EndProject
Project("{9A19103F-16F7-4668-BE54-9A1E7A4F7556}") = "Validate Binary Search Tree", "Validate Binary Search Tree\Validate Binary Search Tree.csproj", "{B796E09C-3430-4270-8392-F734FC9E8F96}"
EndProject
Project("{9A19103F-16F7-4668-BE54-9A1E7A4F7556}") = "SearchInsertPosition", "SearchInsertPosition\SearchInsertPosition.csproj", "{4BB2254C-B9DF-4CB1-AC0C-FDFC66D7029C}"
EndProject
Project("{9A19103F-16F7-4668-BE54-9A1E7A4F7556}") = "Spiral Matrix II", "Spiral Matrix II\Spiral Matrix II.csproj", "{3AC9ABEA-E9FB-4E71-A4A1-399B0A458457}"
EndProject
Project("{9A19103F-16F7-4668-BE54-9A1E7A4F7556}") = "Container With Most Water", "Container With Most Water\Container With Most Water.csproj", "{B1A25938-4D17-4261-948D-6F46CCCA4D15}"
EndProject
Project("{9A19103F-16F7-4668-BE54-9A1E7A4F7556}") = "Reverse Integer", "Reverse Integer\Reverse Integer.csproj", "{3691B4FC-5B53-47A0-A44D-BE33E150B023}"
EndProject
Project("{9A19103F-16F7-4668-BE54-9A1E7A4F7556}") = "Divide Two Integers", "Divide Two Integers\Divide Two Integers.csproj", "{C6BD7176-BEB6-47AB-8E7E-1623910EBEB8}"
EndProject
Project("{9A19103F-16F7-4668-BE54-9A1E7A4F7556}") = "Kth Largest Sum in a Binary Tree", "Kth Largest Sum in a Binary Tree\Kth Largest Sum in a Binary Tree.csproj", "{6A19078F-F13D-4702-9724-247A68DB09C7}"
EndProject
Project("{9A19103F-16F7-4668-BE54-9A1E7A4F7556}") = "Pow(x, n)", "Pow(x, n)\Pow(x, n).csproj", "{F49BB187-0EC5-435D-9A15-29FA735A222B}"
EndProject
Project("{9A19103F-16F7-4668-BE54-9A1E7A4F7556}") = "Climbing Stairs", "Climbing Stairs\Climbing Stairs.csproj", "{A8721848-B470-47BC-A93A-D5B39A95F997}"
EndProject
Project("{9A19103F-16F7-4668-BE54-9A1E7A4F7556}") = "Same Tree", "Same Tree\Same Tree.csproj", "{F6F3B0B8-AB48-47F3-8A0F-8B5088E594D0}"
EndProject
Project("{9A19103F-16F7-4668-BE54-9A1E7A4F7556}") = "Binary Tree Inorder Traversal", "Binary Tree Inorder Traversal\Binary Tree Inorder Traversal.csproj", "{41AC637B-1CCA-4FAB-85D5-55B9CE7D6DD6}"
EndProject
Project("{9A19103F-16F7-4668-BE54-9A1E7A4F7556}") = "Median of Two Sorted Arrays", "Median of Two Sorted Arrays\Median of Two Sorted Arrays.csproj", "{6CCDC99E-6F6A-453A-9A4F-00A37D4DC2EC}"
EndProject
Project("{9A19103F-16F7-4668-BE54-9A1E7A4F7556}") = "3Sum Closest", "3Sum Closest\3Sum Closest.csproj", "{8C4D71BB-1870-44C8-99A6-7981944BDF3E}"
EndProject
Project("{9A19103F-16F7-4668-BE54-9A1E7A4F7556}") = "Balanced Binary Tree", "Balanced Binary Tree\Balanced Binary Tree.csproj", "{CC4611A2-1CB8-4725-8A74-70289A1C3C78}"
EndProject
Project("{FAE04EC0-301F-11D3-BF4B-00C04F79EFBC}") = "Invert Binary Tree", "Invert Binary Tree\Invert Binary Tree.csproj", "{FD7A9276-62B9-49FB-8695-CF91D8B6B907}"
EndProject
Global
	GlobalSection(SolutionConfigurationPlatforms) = preSolution
		Debug|Any CPU = Debug|Any CPU
		Release|Any CPU = Release|Any CPU
	EndGlobalSection
	GlobalSection(ProjectConfigurationPlatforms) = postSolution
		{42551858-66B3-44F0-A5D1-5A6A0A9D8259}.Debug|Any CPU.ActiveCfg = Debug|Any CPU
		{42551858-66B3-44F0-A5D1-5A6A0A9D8259}.Debug|Any CPU.Build.0 = Debug|Any CPU
		{42551858-66B3-44F0-A5D1-5A6A0A9D8259}.Release|Any CPU.ActiveCfg = Release|Any CPU
		{42551858-66B3-44F0-A5D1-5A6A0A9D8259}.Release|Any CPU.Build.0 = Release|Any CPU
		{98F22AF8-FFC2-4E08-B4F8-46FE071926A5}.Debug|Any CPU.ActiveCfg = Debug|Any CPU
		{98F22AF8-FFC2-4E08-B4F8-46FE071926A5}.Debug|Any CPU.Build.0 = Debug|Any CPU
		{98F22AF8-FFC2-4E08-B4F8-46FE071926A5}.Release|Any CPU.ActiveCfg = Release|Any CPU
		{98F22AF8-FFC2-4E08-B4F8-46FE071926A5}.Release|Any CPU.Build.0 = Release|Any CPU
		{7061DD3B-79AA-48F2-8D87-F964FC302A44}.Debug|Any CPU.ActiveCfg = Debug|Any CPU
		{7061DD3B-79AA-48F2-8D87-F964FC302A44}.Debug|Any CPU.Build.0 = Debug|Any CPU
		{7061DD3B-79AA-48F2-8D87-F964FC302A44}.Release|Any CPU.ActiveCfg = Release|Any CPU
		{7061DD3B-79AA-48F2-8D87-F964FC302A44}.Release|Any CPU.Build.0 = Release|Any CPU
		{90330E5F-A136-467C-91B0-6C79B0A40AF8}.Debug|Any CPU.ActiveCfg = Debug|Any CPU
		{90330E5F-A136-467C-91B0-6C79B0A40AF8}.Debug|Any CPU.Build.0 = Debug|Any CPU
		{90330E5F-A136-467C-91B0-6C79B0A40AF8}.Release|Any CPU.ActiveCfg = Release|Any CPU
		{90330E5F-A136-467C-91B0-6C79B0A40AF8}.Release|Any CPU.Build.0 = Release|Any CPU
		{0755A64D-0C5A-447F-AA41-69002395C08B}.Debug|Any CPU.ActiveCfg = Debug|Any CPU
		{0755A64D-0C5A-447F-AA41-69002395C08B}.Debug|Any CPU.Build.0 = Debug|Any CPU
		{0755A64D-0C5A-447F-AA41-69002395C08B}.Release|Any CPU.ActiveCfg = Release|Any CPU
		{0755A64D-0C5A-447F-AA41-69002395C08B}.Release|Any CPU.Build.0 = Release|Any CPU
		{58DF4959-1BA3-437A-8DDD-9D321BDD45FC}.Debug|Any CPU.ActiveCfg = Debug|Any CPU
		{58DF4959-1BA3-437A-8DDD-9D321BDD45FC}.Debug|Any CPU.Build.0 = Debug|Any CPU
		{58DF4959-1BA3-437A-8DDD-9D321BDD45FC}.Release|Any CPU.ActiveCfg = Release|Any CPU
		{58DF4959-1BA3-437A-8DDD-9D321BDD45FC}.Release|Any CPU.Build.0 = Release|Any CPU
		{6A79AE2D-A003-4AB8-82D6-999747233E39}.Debug|Any CPU.ActiveCfg = Debug|Any CPU
		{6A79AE2D-A003-4AB8-82D6-999747233E39}.Debug|Any CPU.Build.0 = Debug|Any CPU
		{6A79AE2D-A003-4AB8-82D6-999747233E39}.Release|Any CPU.ActiveCfg = Release|Any CPU
		{6A79AE2D-A003-4AB8-82D6-999747233E39}.Release|Any CPU.Build.0 = Release|Any CPU
		{5EFCD9EF-BE98-4215-B346-EF6C781019B3}.Debug|Any CPU.ActiveCfg = Debug|Any CPU
		{5EFCD9EF-BE98-4215-B346-EF6C781019B3}.Debug|Any CPU.Build.0 = Debug|Any CPU
		{5EFCD9EF-BE98-4215-B346-EF6C781019B3}.Release|Any CPU.ActiveCfg = Release|Any CPU
		{5EFCD9EF-BE98-4215-B346-EF6C781019B3}.Release|Any CPU.Build.0 = Release|Any CPU
		{04D91B30-BA0F-45EA-ADFE-512E1F9ED080}.Debug|Any CPU.ActiveCfg = Debug|Any CPU
		{04D91B30-BA0F-45EA-ADFE-512E1F9ED080}.Debug|Any CPU.Build.0 = Debug|Any CPU
		{04D91B30-BA0F-45EA-ADFE-512E1F9ED080}.Release|Any CPU.ActiveCfg = Release|Any CPU
		{04D91B30-BA0F-45EA-ADFE-512E1F9ED080}.Release|Any CPU.Build.0 = Release|Any CPU
		{48CDD352-73DD-45B1-8BFD-312ABA29B688}.Debug|Any CPU.ActiveCfg = Debug|Any CPU
		{48CDD352-73DD-45B1-8BFD-312ABA29B688}.Debug|Any CPU.Build.0 = Debug|Any CPU
		{48CDD352-73DD-45B1-8BFD-312ABA29B688}.Release|Any CPU.ActiveCfg = Release|Any CPU
		{48CDD352-73DD-45B1-8BFD-312ABA29B688}.Release|Any CPU.Build.0 = Release|Any CPU
		{A00CC779-0FDD-4B0F-A8AD-C006BF5888AA}.Debug|Any CPU.ActiveCfg = Debug|Any CPU
		{A00CC779-0FDD-4B0F-A8AD-C006BF5888AA}.Debug|Any CPU.Build.0 = Debug|Any CPU
		{A00CC779-0FDD-4B0F-A8AD-C006BF5888AA}.Release|Any CPU.ActiveCfg = Release|Any CPU
		{A00CC779-0FDD-4B0F-A8AD-C006BF5888AA}.Release|Any CPU.Build.0 = Release|Any CPU
		{475B99AE-B123-4A97-9818-C8208A324544}.Debug|Any CPU.ActiveCfg = Debug|Any CPU
		{475B99AE-B123-4A97-9818-C8208A324544}.Debug|Any CPU.Build.0 = Debug|Any CPU
		{475B99AE-B123-4A97-9818-C8208A324544}.Release|Any CPU.ActiveCfg = Release|Any CPU
		{475B99AE-B123-4A97-9818-C8208A324544}.Release|Any CPU.Build.0 = Release|Any CPU
		{28BA2514-CBE3-4F8D-BDA0-498B4D7B8FC5}.Debug|Any CPU.ActiveCfg = Debug|Any CPU
		{28BA2514-CBE3-4F8D-BDA0-498B4D7B8FC5}.Debug|Any CPU.Build.0 = Debug|Any CPU
		{28BA2514-CBE3-4F8D-BDA0-498B4D7B8FC5}.Release|Any CPU.ActiveCfg = Release|Any CPU
		{28BA2514-CBE3-4F8D-BDA0-498B4D7B8FC5}.Release|Any CPU.Build.0 = Release|Any CPU
		{1671502A-3BCD-4E4E-A4B2-0DEDC40D7F59}.Debug|Any CPU.ActiveCfg = Debug|Any CPU
		{1671502A-3BCD-4E4E-A4B2-0DEDC40D7F59}.Debug|Any CPU.Build.0 = Debug|Any CPU
		{1671502A-3BCD-4E4E-A4B2-0DEDC40D7F59}.Release|Any CPU.ActiveCfg = Release|Any CPU
		{1671502A-3BCD-4E4E-A4B2-0DEDC40D7F59}.Release|Any CPU.Build.0 = Release|Any CPU
		{189E2853-A2F2-4C19-8EE0-345E618A8C09}.Debug|Any CPU.ActiveCfg = Debug|Any CPU
		{189E2853-A2F2-4C19-8EE0-345E618A8C09}.Debug|Any CPU.Build.0 = Debug|Any CPU
		{189E2853-A2F2-4C19-8EE0-345E618A8C09}.Release|Any CPU.ActiveCfg = Release|Any CPU
		{189E2853-A2F2-4C19-8EE0-345E618A8C09}.Release|Any CPU.Build.0 = Release|Any CPU
		{A61330C9-905C-4C15-BA2E-49FBED8DABBB}.Debug|Any CPU.ActiveCfg = Debug|Any CPU
		{A61330C9-905C-4C15-BA2E-49FBED8DABBB}.Debug|Any CPU.Build.0 = Debug|Any CPU
		{A61330C9-905C-4C15-BA2E-49FBED8DABBB}.Release|Any CPU.ActiveCfg = Release|Any CPU
		{A61330C9-905C-4C15-BA2E-49FBED8DABBB}.Release|Any CPU.Build.0 = Release|Any CPU
		{5372870A-A334-45E5-AFAE-51F1F8E98CBE}.Debug|Any CPU.ActiveCfg = Debug|Any CPU
		{5372870A-A334-45E5-AFAE-51F1F8E98CBE}.Debug|Any CPU.Build.0 = Debug|Any CPU
		{5372870A-A334-45E5-AFAE-51F1F8E98CBE}.Release|Any CPU.ActiveCfg = Release|Any CPU
		{5372870A-A334-45E5-AFAE-51F1F8E98CBE}.Release|Any CPU.Build.0 = Release|Any CPU
		{F18B19AF-0C49-49D8-9C44-76AE2CF03C4F}.Debug|Any CPU.ActiveCfg = Debug|Any CPU
		{F18B19AF-0C49-49D8-9C44-76AE2CF03C4F}.Debug|Any CPU.Build.0 = Debug|Any CPU
		{F18B19AF-0C49-49D8-9C44-76AE2CF03C4F}.Release|Any CPU.ActiveCfg = Release|Any CPU
		{F18B19AF-0C49-49D8-9C44-76AE2CF03C4F}.Release|Any CPU.Build.0 = Release|Any CPU
		{E6E8BF1C-CB4B-425B-9221-FDDF902C7B10}.Debug|Any CPU.ActiveCfg = Debug|Any CPU
		{E6E8BF1C-CB4B-425B-9221-FDDF902C7B10}.Debug|Any CPU.Build.0 = Debug|Any CPU
		{E6E8BF1C-CB4B-425B-9221-FDDF902C7B10}.Release|Any CPU.ActiveCfg = Release|Any CPU
		{E6E8BF1C-CB4B-425B-9221-FDDF902C7B10}.Release|Any CPU.Build.0 = Release|Any CPU
		{7E57240A-2B57-4EF0-BC8C-4E04A1768B92}.Debug|Any CPU.ActiveCfg = Debug|Any CPU
		{7E57240A-2B57-4EF0-BC8C-4E04A1768B92}.Debug|Any CPU.Build.0 = Debug|Any CPU
		{7E57240A-2B57-4EF0-BC8C-4E04A1768B92}.Release|Any CPU.ActiveCfg = Release|Any CPU
		{7E57240A-2B57-4EF0-BC8C-4E04A1768B92}.Release|Any CPU.Build.0 = Release|Any CPU
		{7D46F71E-CC06-488B-9833-AB85E21B9F01}.Debug|Any CPU.ActiveCfg = Debug|Any CPU
		{7D46F71E-CC06-488B-9833-AB85E21B9F01}.Debug|Any CPU.Build.0 = Debug|Any CPU
		{7D46F71E-CC06-488B-9833-AB85E21B9F01}.Release|Any CPU.ActiveCfg = Release|Any CPU
		{7D46F71E-CC06-488B-9833-AB85E21B9F01}.Release|Any CPU.Build.0 = Release|Any CPU
		{E04292D8-8610-4315-A89A-40416B7C0405}.Debug|Any CPU.ActiveCfg = Debug|Any CPU
		{E04292D8-8610-4315-A89A-40416B7C0405}.Debug|Any CPU.Build.0 = Debug|Any CPU
		{E04292D8-8610-4315-A89A-40416B7C0405}.Release|Any CPU.ActiveCfg = Release|Any CPU
		{E04292D8-8610-4315-A89A-40416B7C0405}.Release|Any CPU.Build.0 = Release|Any CPU
		{CC67081E-0B68-496A-A6B7-020734943317}.Debug|Any CPU.ActiveCfg = Debug|Any CPU
		{CC67081E-0B68-496A-A6B7-020734943317}.Debug|Any CPU.Build.0 = Debug|Any CPU
		{CC67081E-0B68-496A-A6B7-020734943317}.Release|Any CPU.ActiveCfg = Release|Any CPU
		{CC67081E-0B68-496A-A6B7-020734943317}.Release|Any CPU.Build.0 = Release|Any CPU
		{B6F39C12-9866-4827-9C1D-B458DE44D59F}.Debug|Any CPU.ActiveCfg = Debug|Any CPU
		{B6F39C12-9866-4827-9C1D-B458DE44D59F}.Debug|Any CPU.Build.0 = Debug|Any CPU
		{B6F39C12-9866-4827-9C1D-B458DE44D59F}.Release|Any CPU.ActiveCfg = Release|Any CPU
		{B6F39C12-9866-4827-9C1D-B458DE44D59F}.Release|Any CPU.Build.0 = Release|Any CPU
		{01FE8F81-7212-4F16-85A9-A89473378A71}.Debug|Any CPU.ActiveCfg = Debug|Any CPU
		{01FE8F81-7212-4F16-85A9-A89473378A71}.Debug|Any CPU.Build.0 = Debug|Any CPU
		{01FE8F81-7212-4F16-85A9-A89473378A71}.Release|Any CPU.ActiveCfg = Release|Any CPU
		{01FE8F81-7212-4F16-85A9-A89473378A71}.Release|Any CPU.Build.0 = Release|Any CPU
		{F3ABC7AE-B8BF-4267-B27C-F69BB3A93291}.Debug|Any CPU.ActiveCfg = Debug|Any CPU
		{F3ABC7AE-B8BF-4267-B27C-F69BB3A93291}.Debug|Any CPU.Build.0 = Debug|Any CPU
		{F3ABC7AE-B8BF-4267-B27C-F69BB3A93291}.Release|Any CPU.ActiveCfg = Release|Any CPU
		{F3ABC7AE-B8BF-4267-B27C-F69BB3A93291}.Release|Any CPU.Build.0 = Release|Any CPU
		{B163EA9C-EE93-4F61-8F0E-697135A83246}.Debug|Any CPU.ActiveCfg = Debug|Any CPU
		{B163EA9C-EE93-4F61-8F0E-697135A83246}.Debug|Any CPU.Build.0 = Debug|Any CPU
		{B163EA9C-EE93-4F61-8F0E-697135A83246}.Release|Any CPU.ActiveCfg = Release|Any CPU
		{B163EA9C-EE93-4F61-8F0E-697135A83246}.Release|Any CPU.Build.0 = Release|Any CPU
		{E3A34B2D-6818-4640-A422-CDCE70ADD217}.Debug|Any CPU.ActiveCfg = Debug|Any CPU
		{E3A34B2D-6818-4640-A422-CDCE70ADD217}.Debug|Any CPU.Build.0 = Debug|Any CPU
		{E3A34B2D-6818-4640-A422-CDCE70ADD217}.Release|Any CPU.ActiveCfg = Release|Any CPU
		{E3A34B2D-6818-4640-A422-CDCE70ADD217}.Release|Any CPU.Build.0 = Release|Any CPU
		{F43EB0DB-E0DA-47A0-8F0E-9C1507F76298}.Debug|Any CPU.ActiveCfg = Debug|Any CPU
		{F43EB0DB-E0DA-47A0-8F0E-9C1507F76298}.Debug|Any CPU.Build.0 = Debug|Any CPU
		{F43EB0DB-E0DA-47A0-8F0E-9C1507F76298}.Release|Any CPU.ActiveCfg = Release|Any CPU
		{F43EB0DB-E0DA-47A0-8F0E-9C1507F76298}.Release|Any CPU.Build.0 = Release|Any CPU
		{A2986279-CD39-42F5-BD2F-C8C89A04208E}.Debug|Any CPU.ActiveCfg = Debug|Any CPU
		{A2986279-CD39-42F5-BD2F-C8C89A04208E}.Debug|Any CPU.Build.0 = Debug|Any CPU
		{A2986279-CD39-42F5-BD2F-C8C89A04208E}.Release|Any CPU.ActiveCfg = Release|Any CPU
		{A2986279-CD39-42F5-BD2F-C8C89A04208E}.Release|Any CPU.Build.0 = Release|Any CPU
		{0A244408-0E3B-478F-9884-D24C68C9C8D6}.Debug|Any CPU.ActiveCfg = Debug|Any CPU
		{0A244408-0E3B-478F-9884-D24C68C9C8D6}.Debug|Any CPU.Build.0 = Debug|Any CPU
		{0A244408-0E3B-478F-9884-D24C68C9C8D6}.Release|Any CPU.ActiveCfg = Release|Any CPU
		{0A244408-0E3B-478F-9884-D24C68C9C8D6}.Release|Any CPU.Build.0 = Release|Any CPU
		{31592548-F936-4548-A492-8D4E3FED1899}.Debug|Any CPU.ActiveCfg = Debug|Any CPU
		{31592548-F936-4548-A492-8D4E3FED1899}.Debug|Any CPU.Build.0 = Debug|Any CPU
		{31592548-F936-4548-A492-8D4E3FED1899}.Release|Any CPU.ActiveCfg = Release|Any CPU
		{31592548-F936-4548-A492-8D4E3FED1899}.Release|Any CPU.Build.0 = Release|Any CPU
		{071DDA67-94D6-454B-A35F-9A9D8D2A9602}.Debug|Any CPU.ActiveCfg = Debug|Any CPU
		{071DDA67-94D6-454B-A35F-9A9D8D2A9602}.Debug|Any CPU.Build.0 = Debug|Any CPU
		{071DDA67-94D6-454B-A35F-9A9D8D2A9602}.Release|Any CPU.ActiveCfg = Release|Any CPU
		{071DDA67-94D6-454B-A35F-9A9D8D2A9602}.Release|Any CPU.Build.0 = Release|Any CPU
		{3CEBF7C3-4812-4054-9420-46606179275F}.Debug|Any CPU.ActiveCfg = Debug|Any CPU
		{3CEBF7C3-4812-4054-9420-46606179275F}.Debug|Any CPU.Build.0 = Debug|Any CPU
		{3CEBF7C3-4812-4054-9420-46606179275F}.Release|Any CPU.ActiveCfg = Release|Any CPU
		{3CEBF7C3-4812-4054-9420-46606179275F}.Release|Any CPU.Build.0 = Release|Any CPU
		{2C1BE5D6-645A-41DD-B150-8889B637C307}.Debug|Any CPU.ActiveCfg = Debug|Any CPU
		{2C1BE5D6-645A-41DD-B150-8889B637C307}.Debug|Any CPU.Build.0 = Debug|Any CPU
		{2C1BE5D6-645A-41DD-B150-8889B637C307}.Release|Any CPU.ActiveCfg = Release|Any CPU
		{2C1BE5D6-645A-41DD-B150-8889B637C307}.Release|Any CPU.Build.0 = Release|Any CPU
		{076FA81D-FF6B-47F7-A682-F8E928E7B79D}.Debug|Any CPU.ActiveCfg = Debug|Any CPU
		{076FA81D-FF6B-47F7-A682-F8E928E7B79D}.Debug|Any CPU.Build.0 = Debug|Any CPU
		{076FA81D-FF6B-47F7-A682-F8E928E7B79D}.Release|Any CPU.ActiveCfg = Release|Any CPU
		{076FA81D-FF6B-47F7-A682-F8E928E7B79D}.Release|Any CPU.Build.0 = Release|Any CPU
		{9F2130A4-B114-4939-9A5D-4FC3E63B54C0}.Debug|Any CPU.ActiveCfg = Debug|Any CPU
		{9F2130A4-B114-4939-9A5D-4FC3E63B54C0}.Debug|Any CPU.Build.0 = Debug|Any CPU
		{9F2130A4-B114-4939-9A5D-4FC3E63B54C0}.Release|Any CPU.ActiveCfg = Release|Any CPU
		{9F2130A4-B114-4939-9A5D-4FC3E63B54C0}.Release|Any CPU.Build.0 = Release|Any CPU
		{2B2A7BF6-3C75-4FB7-830A-A6DC1A04FB41}.Debug|Any CPU.ActiveCfg = Debug|Any CPU
		{2B2A7BF6-3C75-4FB7-830A-A6DC1A04FB41}.Debug|Any CPU.Build.0 = Debug|Any CPU
		{2B2A7BF6-3C75-4FB7-830A-A6DC1A04FB41}.Release|Any CPU.ActiveCfg = Release|Any CPU
		{2B2A7BF6-3C75-4FB7-830A-A6DC1A04FB41}.Release|Any CPU.Build.0 = Release|Any CPU
		{A78C9380-8E76-45AB-ACB8-147CF458A5DC}.Debug|Any CPU.ActiveCfg = Debug|Any CPU
		{A78C9380-8E76-45AB-ACB8-147CF458A5DC}.Debug|Any CPU.Build.0 = Debug|Any CPU
		{A78C9380-8E76-45AB-ACB8-147CF458A5DC}.Release|Any CPU.ActiveCfg = Release|Any CPU
		{A78C9380-8E76-45AB-ACB8-147CF458A5DC}.Release|Any CPU.Build.0 = Release|Any CPU
		{0D0A6E0B-D334-4D5F-84BA-24094AAAE01E}.Debug|Any CPU.ActiveCfg = Debug|Any CPU
		{0D0A6E0B-D334-4D5F-84BA-24094AAAE01E}.Debug|Any CPU.Build.0 = Debug|Any CPU
		{0D0A6E0B-D334-4D5F-84BA-24094AAAE01E}.Release|Any CPU.ActiveCfg = Release|Any CPU
		{0D0A6E0B-D334-4D5F-84BA-24094AAAE01E}.Release|Any CPU.Build.0 = Release|Any CPU
		{5BE6C2DD-2817-41E9-97DB-F3D27E896A8B}.Debug|Any CPU.ActiveCfg = Debug|Any CPU
		{5BE6C2DD-2817-41E9-97DB-F3D27E896A8B}.Debug|Any CPU.Build.0 = Debug|Any CPU
		{5BE6C2DD-2817-41E9-97DB-F3D27E896A8B}.Release|Any CPU.ActiveCfg = Release|Any CPU
		{5BE6C2DD-2817-41E9-97DB-F3D27E896A8B}.Release|Any CPU.Build.0 = Release|Any CPU
		{0AEA59D2-1DC3-4C51-8755-BD64C4C993BB}.Debug|Any CPU.ActiveCfg = Debug|Any CPU
		{0AEA59D2-1DC3-4C51-8755-BD64C4C993BB}.Debug|Any CPU.Build.0 = Debug|Any CPU
		{0AEA59D2-1DC3-4C51-8755-BD64C4C993BB}.Release|Any CPU.ActiveCfg = Release|Any CPU
		{0AEA59D2-1DC3-4C51-8755-BD64C4C993BB}.Release|Any CPU.Build.0 = Release|Any CPU
		{0113F0D6-016A-490E-BD61-DD5893EB10E3}.Debug|Any CPU.ActiveCfg = Debug|Any CPU
		{0113F0D6-016A-490E-BD61-DD5893EB10E3}.Debug|Any CPU.Build.0 = Debug|Any CPU
		{0113F0D6-016A-490E-BD61-DD5893EB10E3}.Release|Any CPU.ActiveCfg = Release|Any CPU
		{0113F0D6-016A-490E-BD61-DD5893EB10E3}.Release|Any CPU.Build.0 = Release|Any CPU
		{DFAEE813-B09C-47EB-B9EB-4E504E4410D3}.Debug|Any CPU.ActiveCfg = Debug|Any CPU
		{DFAEE813-B09C-47EB-B9EB-4E504E4410D3}.Debug|Any CPU.Build.0 = Debug|Any CPU
		{DFAEE813-B09C-47EB-B9EB-4E504E4410D3}.Release|Any CPU.ActiveCfg = Release|Any CPU
		{DFAEE813-B09C-47EB-B9EB-4E504E4410D3}.Release|Any CPU.Build.0 = Release|Any CPU
		{567ECED8-C80B-4D57-9A6B-956C3BC27D52}.Debug|Any CPU.ActiveCfg = Debug|Any CPU
		{567ECED8-C80B-4D57-9A6B-956C3BC27D52}.Debug|Any CPU.Build.0 = Debug|Any CPU
		{567ECED8-C80B-4D57-9A6B-956C3BC27D52}.Release|Any CPU.ActiveCfg = Release|Any CPU
		{567ECED8-C80B-4D57-9A6B-956C3BC27D52}.Release|Any CPU.Build.0 = Release|Any CPU
		{8C9DE9F2-E173-41A0-B772-D3AEF3648D5C}.Debug|Any CPU.ActiveCfg = Debug|Any CPU
		{8C9DE9F2-E173-41A0-B772-D3AEF3648D5C}.Debug|Any CPU.Build.0 = Debug|Any CPU
		{8C9DE9F2-E173-41A0-B772-D3AEF3648D5C}.Release|Any CPU.ActiveCfg = Release|Any CPU
		{8C9DE9F2-E173-41A0-B772-D3AEF3648D5C}.Release|Any CPU.Build.0 = Release|Any CPU
		{B796E09C-3430-4270-8392-F734FC9E8F96}.Debug|Any CPU.ActiveCfg = Debug|Any CPU
		{B796E09C-3430-4270-8392-F734FC9E8F96}.Debug|Any CPU.Build.0 = Debug|Any CPU
		{B796E09C-3430-4270-8392-F734FC9E8F96}.Release|Any CPU.ActiveCfg = Release|Any CPU
		{B796E09C-3430-4270-8392-F734FC9E8F96}.Release|Any CPU.Build.0 = Release|Any CPU
		{4BB2254C-B9DF-4CB1-AC0C-FDFC66D7029C}.Debug|Any CPU.ActiveCfg = Debug|Any CPU
		{4BB2254C-B9DF-4CB1-AC0C-FDFC66D7029C}.Debug|Any CPU.Build.0 = Debug|Any CPU
		{4BB2254C-B9DF-4CB1-AC0C-FDFC66D7029C}.Release|Any CPU.ActiveCfg = Release|Any CPU
		{4BB2254C-B9DF-4CB1-AC0C-FDFC66D7029C}.Release|Any CPU.Build.0 = Release|Any CPU
		{3AC9ABEA-E9FB-4E71-A4A1-399B0A458457}.Debug|Any CPU.ActiveCfg = Debug|Any CPU
		{3AC9ABEA-E9FB-4E71-A4A1-399B0A458457}.Debug|Any CPU.Build.0 = Debug|Any CPU
		{3AC9ABEA-E9FB-4E71-A4A1-399B0A458457}.Release|Any CPU.ActiveCfg = Release|Any CPU
		{3AC9ABEA-E9FB-4E71-A4A1-399B0A458457}.Release|Any CPU.Build.0 = Release|Any CPU
		{B1A25938-4D17-4261-948D-6F46CCCA4D15}.Debug|Any CPU.ActiveCfg = Debug|Any CPU
		{B1A25938-4D17-4261-948D-6F46CCCA4D15}.Debug|Any CPU.Build.0 = Debug|Any CPU
		{B1A25938-4D17-4261-948D-6F46CCCA4D15}.Release|Any CPU.ActiveCfg = Release|Any CPU
		{B1A25938-4D17-4261-948D-6F46CCCA4D15}.Release|Any CPU.Build.0 = Release|Any CPU
		{3691B4FC-5B53-47A0-A44D-BE33E150B023}.Debug|Any CPU.ActiveCfg = Debug|Any CPU
		{3691B4FC-5B53-47A0-A44D-BE33E150B023}.Debug|Any CPU.Build.0 = Debug|Any CPU
		{3691B4FC-5B53-47A0-A44D-BE33E150B023}.Release|Any CPU.ActiveCfg = Release|Any CPU
		{3691B4FC-5B53-47A0-A44D-BE33E150B023}.Release|Any CPU.Build.0 = Release|Any CPU
		{C6BD7176-BEB6-47AB-8E7E-1623910EBEB8}.Debug|Any CPU.ActiveCfg = Debug|Any CPU
		{C6BD7176-BEB6-47AB-8E7E-1623910EBEB8}.Debug|Any CPU.Build.0 = Debug|Any CPU
		{C6BD7176-BEB6-47AB-8E7E-1623910EBEB8}.Release|Any CPU.ActiveCfg = Release|Any CPU
		{C6BD7176-BEB6-47AB-8E7E-1623910EBEB8}.Release|Any CPU.Build.0 = Release|Any CPU
		{6A19078F-F13D-4702-9724-247A68DB09C7}.Debug|Any CPU.ActiveCfg = Debug|Any CPU
		{6A19078F-F13D-4702-9724-247A68DB09C7}.Debug|Any CPU.Build.0 = Debug|Any CPU
		{6A19078F-F13D-4702-9724-247A68DB09C7}.Release|Any CPU.ActiveCfg = Release|Any CPU
		{6A19078F-F13D-4702-9724-247A68DB09C7}.Release|Any CPU.Build.0 = Release|Any CPU
		{F49BB187-0EC5-435D-9A15-29FA735A222B}.Debug|Any CPU.ActiveCfg = Debug|Any CPU
		{F49BB187-0EC5-435D-9A15-29FA735A222B}.Debug|Any CPU.Build.0 = Debug|Any CPU
		{F49BB187-0EC5-435D-9A15-29FA735A222B}.Release|Any CPU.ActiveCfg = Release|Any CPU
		{F49BB187-0EC5-435D-9A15-29FA735A222B}.Release|Any CPU.Build.0 = Release|Any CPU
		{A8721848-B470-47BC-A93A-D5B39A95F997}.Debug|Any CPU.ActiveCfg = Debug|Any CPU
		{A8721848-B470-47BC-A93A-D5B39A95F997}.Debug|Any CPU.Build.0 = Debug|Any CPU
		{A8721848-B470-47BC-A93A-D5B39A95F997}.Release|Any CPU.ActiveCfg = Release|Any CPU
		{A8721848-B470-47BC-A93A-D5B39A95F997}.Release|Any CPU.Build.0 = Release|Any CPU
		{F6F3B0B8-AB48-47F3-8A0F-8B5088E594D0}.Debug|Any CPU.ActiveCfg = Debug|Any CPU
		{F6F3B0B8-AB48-47F3-8A0F-8B5088E594D0}.Debug|Any CPU.Build.0 = Debug|Any CPU
		{F6F3B0B8-AB48-47F3-8A0F-8B5088E594D0}.Release|Any CPU.ActiveCfg = Release|Any CPU
		{F6F3B0B8-AB48-47F3-8A0F-8B5088E594D0}.Release|Any CPU.Build.0 = Release|Any CPU
		{41AC637B-1CCA-4FAB-85D5-55B9CE7D6DD6}.Debug|Any CPU.ActiveCfg = Debug|Any CPU
		{41AC637B-1CCA-4FAB-85D5-55B9CE7D6DD6}.Debug|Any CPU.Build.0 = Debug|Any CPU
		{41AC637B-1CCA-4FAB-85D5-55B9CE7D6DD6}.Release|Any CPU.ActiveCfg = Release|Any CPU
		{41AC637B-1CCA-4FAB-85D5-55B9CE7D6DD6}.Release|Any CPU.Build.0 = Release|Any CPU
		{6CCDC99E-6F6A-453A-9A4F-00A37D4DC2EC}.Debug|Any CPU.ActiveCfg = Debug|Any CPU
		{6CCDC99E-6F6A-453A-9A4F-00A37D4DC2EC}.Debug|Any CPU.Build.0 = Debug|Any CPU
		{6CCDC99E-6F6A-453A-9A4F-00A37D4DC2EC}.Release|Any CPU.ActiveCfg = Release|Any CPU
		{6CCDC99E-6F6A-453A-9A4F-00A37D4DC2EC}.Release|Any CPU.Build.0 = Release|Any CPU
		{8C4D71BB-1870-44C8-99A6-7981944BDF3E}.Debug|Any CPU.ActiveCfg = Debug|Any CPU
		{8C4D71BB-1870-44C8-99A6-7981944BDF3E}.Debug|Any CPU.Build.0 = Debug|Any CPU
		{8C4D71BB-1870-44C8-99A6-7981944BDF3E}.Release|Any CPU.ActiveCfg = Release|Any CPU
		{8C4D71BB-1870-44C8-99A6-7981944BDF3E}.Release|Any CPU.Build.0 = Release|Any CPU
		{CC4611A2-1CB8-4725-8A74-70289A1C3C78}.Debug|Any CPU.ActiveCfg = Debug|Any CPU
		{CC4611A2-1CB8-4725-8A74-70289A1C3C78}.Debug|Any CPU.Build.0 = Debug|Any CPU
		{CC4611A2-1CB8-4725-8A74-70289A1C3C78}.Release|Any CPU.ActiveCfg = Release|Any CPU
		{CC4611A2-1CB8-4725-8A74-70289A1C3C78}.Release|Any CPU.Build.0 = Release|Any CPU
		{FD7A9276-62B9-49FB-8695-CF91D8B6B907}.Debug|Any CPU.ActiveCfg = Debug|Any CPU
		{FD7A9276-62B9-49FB-8695-CF91D8B6B907}.Debug|Any CPU.Build.0 = Debug|Any CPU
		{FD7A9276-62B9-49FB-8695-CF91D8B6B907}.Release|Any CPU.ActiveCfg = Release|Any CPU
		{FD7A9276-62B9-49FB-8695-CF91D8B6B907}.Release|Any CPU.Build.0 = Release|Any CPU
	EndGlobalSection
	GlobalSection(SolutionProperties) = preSolution
		HideSolutionNode = FALSE
	EndGlobalSection
	GlobalSection(ExtensibilityGlobals) = postSolution
		SolutionGuid = {22D57C4D-4C0C-47F6-9BF3-DA67D3403AFF}
	EndGlobalSection
EndGlobal
